version = 1
revision = 1
requires-python = ">=3.10"

[[package]]
name = "clarabel"
version = "0.10.0"
source = { registry = "https://pypi.org/simple" }
dependencies = [
    { name = "numpy" },
    { name = "scipy" },
]
sdist = { url = "https://files.pythonhosted.org/packages/7e/83/f3e550b56188b9aa363351e87f6608c67cc2c7551feece1006d5ff9eb0c3/clarabel-0.10.0.tar.gz", hash = "sha256:a8a2105058fd7db54718be53c48715a50910500b10ff0b8f5380434e69c10a10", size = 212927 }
wheels = [
    { url = "https://files.pythonhosted.org/packages/0a/18/a537f020338349943db49afb305a75e8d41ba9b1383df6341bde8decfde7/clarabel-0.10.0-cp39-abi3-macosx_10_12_x86_64.macosx_11_0_arm64.macosx_10_12_universal2.whl", hash = "sha256:ac0375778b351ed0a6a209a3a671e438181f640e98ea56761acf44681f05f211", size = 1737235 },
    { url = "https://files.pythonhosted.org/packages/15/6c/eb05273543a80f4f9d4196fde5d2e20dc73102b4e5255d965018bd9c9031/clarabel-0.10.0-cp39-abi3-macosx_10_12_x86_64.whl", hash = "sha256:385c29169918a0fbf7eaece919db381120519241d9806f65b291444ef52deccc", size = 903609 },
    { url = "https://files.pythonhosted.org/packages/44/23/f3bc9dcb9b5e9b821702dcd2a5da03e0583ad96609641c069a31ccab6db9/clarabel-0.10.0-cp39-abi3-manylinux_2_17_aarch64.manylinux2014_aarch64.whl", hash = "sha256:325468980cd4495005926d413ccca4bb534e52ecc9e43fbd915f5d0e63859bd8", size = 940233 },
    { url = "https://files.pythonhosted.org/packages/fa/fa/5faf0fcbad99a70ee416443c5194af8c7f1c65d74f6570bfa1560e69af8e/clarabel-0.10.0-cp39-abi3-manylinux_2_17_x86_64.manylinux2014_x86_64.whl", hash = "sha256:9be6910e0ae1694996aa0c5f3db9b99ab6b619f6735ad178086b6f1e3eeef5e2", size = 1011382 },
    { url = "https://files.pythonhosted.org/packages/e6/ba/67a0defb70ed910877049e915e6738fc0432edd5e46b97743ce78a1e5b95/clarabel-0.10.0-cp39-abi3-win_amd64.whl", hash = "sha256:7871b6f499ad66f71d4e7fb40754c4d986d4316f242beb62ff4f63a69785a50c", size = 742536 },
]

[[package]]
name = "diffcp"
version = "1.1.5"
source = { editable = "." }
dependencies = [
    { name = "threadpoolctl" },
]

[package.optional-dependencies]
test = [
    { name = "clarabel" },
    { name = "ecos" },
    { name = "mosek" },
    { name = "scs" },
]

[package.metadata]
requires-dist = [
    { name = "clarabel", marker = "extra == 'test'", specifier = ">=0.5.1" },
    { name = "ecos", marker = "extra == 'test'", specifier = ">=2.0.10" },
    { name = "mosek", marker = "extra == 'test'", specifier = ">=11.0.19" },
    { name = "scs", marker = "extra == 'test'", specifier = ">=3.0.0" },
    { name = "threadpoolctl", specifier = ">=1.1" },
]
provides-extras = ["test"]

[[package]]
name = "ecos"
version = "2.0.14"
source = { registry = "https://pypi.org/simple" }
dependencies = [
    { name = "numpy" },
    { name = "scipy" },
]
sdist = { url = "https://files.pythonhosted.org/packages/2e/5f/17716c533da95ed110815b159efa22b1064c8c41fd5c862f21aff7a7fec0/ecos-2.0.14.tar.gz", hash = "sha256:64b3201c0e0a7f0129050557c4ac50b00031e80a10534506dba1200c8dc1efe4", size = 142430 }
wheels = [
    { url = "https://files.pythonhosted.org/packages/7c/25/80b44247ec5ad98ce8acec5b8b9cb73a43e4367cdc679769be109c1e2ae0/ecos-2.0.14-cp310-cp310-macosx_10_9_x86_64.whl", hash = "sha256:d16f8c97c42a18be77530b4d0090d8dd38105ae311518fc58a66c5c403d79672", size = 92599 },
    { url = "https://files.pythonhosted.org/packages/aa/14/e6a1692aea5647cf29988a351b1a5effe53421504e8648a4a1f04721120a/ecos-2.0.14-cp310-cp310-manylinux_2_17_x86_64.manylinux2014_x86_64.whl", hash = "sha256:f9a977976ec618261456d6c9cd4ec7b7745607e448e78cd0c851190c6cc515ef", size = 218904 },
    { url = "https://files.pythonhosted.org/packages/55/54/5424e7865d171b5ebd436fabdf66cdcf05bcfe5528ef5a45a02bca008dc9/ecos-2.0.14-cp310-cp310-win_amd64.whl", hash = "sha256:f2e8ab314609117f7e96bb83db7458f011ab0496c61078e146a8f5c8244e70b2", size = 72198 },
    { url = "https://files.pythonhosted.org/packages/2b/9b/c886a268d4b7adfaa1171244cdbfa3c944e5a599fe7a5e738ee27390ab20/ecos-2.0.14-cp311-cp311-macosx_10_9_x86_64.whl", hash = "sha256:dc90b54eaae16ead128bfdd95e04bf808b73578bdf40ed652c55aa36a6d02e42", size = 92594 },
    { url = "https://files.pythonhosted.org/packages/49/e9/fae34e8ef6a9b78c3098a4428ed0e8f77cdeb334a7dc17c649abb686ed08/ecos-2.0.14-cp311-cp311-manylinux_2_17_x86_64.manylinux2014_x86_64.whl", hash = "sha256:7a8be3b4856838ae351fec40fb3589181d52b41cf75bf4d35342686a508c37a6", size = 220084 },
    { url = "https://files.pythonhosted.org/packages/2f/45/1e52519d6c29dd26bbfaf92ece5b45ca3de3b7c8b2615a818aaeadb7ad63/ecos-2.0.14-cp311-cp311-win_amd64.whl", hash = "sha256:7495b3031ccc2d4cec72cdb40aed8a2d1fdd734fe40519b7e6047aead5e811cf", size = 72199 },
    { url = "https://files.pythonhosted.org/packages/af/c3/84e392f2410f51fa557198937cc52a2e80f887c517ef4e3fb6d46e3bb008/ecos-2.0.14-cp312-cp312-macosx_10_9_x86_64.whl", hash = "sha256:4a7e2704a3ef9acfb8146d594deff9942d3a0f0d0399de8fe2e0bd95e8b0855c", size = 92545 },
    { url = "https://files.pythonhosted.org/packages/82/12/42f4d953f9284571726b085f99e13bfa84522bf63bf2e7a81460013b09e6/ecos-2.0.14-cp312-cp312-manylinux_2_17_x86_64.manylinux2014_x86_64.whl", hash = "sha256:f3cbb1a66ecf10955a1a4bcd6b99db55148000cb79fd176bfac26d98b21a4814", size = 222132 },
    { url = "https://files.pythonhosted.org/packages/56/9a/ca30572f3e3ff3cef6a0ea8aa6cdc12c36f9fefe559f65c7d6265713196a/ecos-2.0.14-cp312-cp312-win_amd64.whl", hash = "sha256:718eb62afb8e45426bcc365ebaf3ca9f610afcbb754de6073ef5f104da8fca1f", size = 72248 },
]

[[package]]
name = "mosek"
version = "11.0.19"
source = { registry = "https://pypi.org/simple" }
dependencies = [
    { name = "numpy" },
]
wheels = [
    { url = "https://files.pythonhosted.org/packages/be/c6/1b4bc1cb1337bd440cc312e5618ea149e91cedc7bcaf21562d246c4f2f19/mosek-11.0.19-cp39-abi3-macosx_11_0_arm64.whl", hash = "sha256:41da8c7adacfe999b151bcac018c37030bb2e382dd93fab3aac7fd8e0406e9f4", size = 8338060 },
    { url = "https://files.pythonhosted.org/packages/c4/5b/d86cd355a5af0045edbd88009460e8b1f05cff51b54fa316d1525b1de39d/mosek-11.0.19-cp39-abi3-manylinux2014_x86_64.whl", hash = "sha256:763b05c60a978189b3f671c4a6e49462993000f9404049cc83e47fb43a0ce759", size = 14729758 },
    { url = "https://files.pythonhosted.org/packages/bf/de/06cf2253a82ab8f7312a8c0f3d929c3d89e203d39daa7856e8bdd5c3a46d/mosek-11.0.19-cp39-abi3-manylinux_2_29_aarch64.whl", hash = "sha256:d027bb4c46aefc3043fe9acf01fd9a47926bdf292d4b479dae7c6da3ce152e14", size = 10618429 },
    { url = "https://files.pythonhosted.org/packages/ca/a3/42602ca4c40b6e8e310978168ed8dba4e57761464a4253582d27a613b445/mosek-11.0.19-cp39-abi3-win_amd64.whl", hash = "sha256:e0a91eee1bf4190147b7a798eb771a2f1b6786c52b901b25e883096c4e0adf82", size = 10649321 },
]

[[package]]
name = "numpy"
version = "2.2.5"
source = { registry = "https://pypi.org/simple" }
sdist = { url = "https://files.pythonhosted.org/packages/dc/b2/ce4b867d8cd9c0ee84938ae1e6a6f7926ebf928c9090d036fc3c6a04f946/numpy-2.2.5.tar.gz", hash = "sha256:a9c0d994680cd991b1cb772e8b297340085466a6fe964bc9d4e80f5e2f43c291", size = 20273920 }
wheels = [
    { url = "https://files.pythonhosted.org/packages/ef/4e/3d9e6d16237c2aa5485695f0626cbba82f6481efca2e9132368dea3b885e/numpy-2.2.5-cp310-cp310-macosx_10_9_x86_64.whl", hash = "sha256:1f4a922da1729f4c40932b2af4fe84909c7a6e167e6e99f71838ce3a29f3fe26", size = 21252117 },
    { url = "https://files.pythonhosted.org/packages/38/e4/db91349d4079cd15c02ff3b4b8882a529991d6aca077db198a2f2a670406/numpy-2.2.5-cp310-cp310-macosx_11_0_arm64.whl", hash = "sha256:b6f91524d31b34f4a5fee24f5bc16dcd1491b668798b6d85585d836c1e633a6a", size = 14424615 },
    { url = "https://files.pythonhosted.org/packages/f8/59/6e5b011f553c37b008bd115c7ba7106a18f372588fbb1b430b7a5d2c41ce/numpy-2.2.5-cp310-cp310-macosx_14_0_arm64.whl", hash = "sha256:19f4718c9012e3baea91a7dba661dcab2451cda2550678dc30d53acb91a7290f", size = 5428691 },
    { url = "https://files.pythonhosted.org/packages/a2/58/d5d70ebdac82b3a6ddf409b3749ca5786636e50fd64d60edb46442af6838/numpy-2.2.5-cp310-cp310-macosx_14_0_x86_64.whl", hash = "sha256:eb7fd5b184e5d277afa9ec0ad5e4eb562ecff541e7f60e69ee69c8d59e9aeaba", size = 6965010 },
    { url = "https://files.pythonhosted.org/packages/dc/a8/c290394be346d4e7b48a40baf292626fd96ec56a6398ace4c25d9079bc6a/numpy-2.2.5-cp310-cp310-manylinux_2_17_aarch64.manylinux2014_aarch64.whl", hash = "sha256:6413d48a9be53e183eb06495d8e3b006ef8f87c324af68241bbe7a39e8ff54c3", size = 14369885 },
    { url = "https://files.pythonhosted.org/packages/c2/70/fed13c70aabe7049368553e81d7ca40f305f305800a007a956d7cd2e5476/numpy-2.2.5-cp310-cp310-manylinux_2_17_x86_64.manylinux2014_x86_64.whl", hash = "sha256:7451f92eddf8503c9b8aa4fe6aa7e87fd51a29c2cfc5f7dbd72efde6c65acf57", size = 16418372 },
    { url = "https://files.pythonhosted.org/packages/04/ab/c3c14f25ddaecd6fc58a34858f6a93a21eea6c266ba162fa99f3d0de12ac/numpy-2.2.5-cp310-cp310-musllinux_1_2_aarch64.whl", hash = "sha256:0bcb1d057b7571334139129b7f941588f69ce7c4ed15a9d6162b2ea54ded700c", size = 15883173 },
    { url = "https://files.pythonhosted.org/packages/50/18/f53710a19042911c7aca824afe97c203728a34b8cf123e2d94621a12edc3/numpy-2.2.5-cp310-cp310-musllinux_1_2_x86_64.whl", hash = "sha256:36ab5b23915887543441efd0417e6a3baa08634308894316f446027611b53bf1", size = 18206881 },
    { url = "https://files.pythonhosted.org/packages/6b/ec/5b407bab82f10c65af5a5fe754728df03f960fd44d27c036b61f7b3ef255/numpy-2.2.5-cp310-cp310-win32.whl", hash = "sha256:422cc684f17bc963da5f59a31530b3936f57c95a29743056ef7a7903a5dbdf88", size = 6609852 },
    { url = "https://files.pythonhosted.org/packages/b6/f5/467ca8675c7e6c567f571d8db942cc10a87588bd9e20a909d8af4171edda/numpy-2.2.5-cp310-cp310-win_amd64.whl", hash = "sha256:e4f0b035d9d0ed519c813ee23e0a733db81ec37d2e9503afbb6e54ccfdee0fa7", size = 12944922 },
    { url = "https://files.pythonhosted.org/packages/f5/fb/e4e4c254ba40e8f0c78218f9e86304628c75b6900509b601c8433bdb5da7/numpy-2.2.5-cp311-cp311-macosx_10_9_x86_64.whl", hash = "sha256:c42365005c7a6c42436a54d28c43fe0e01ca11eb2ac3cefe796c25a5f98e5e9b", size = 21256475 },
    { url = "https://files.pythonhosted.org/packages/81/32/dd1f7084f5c10b2caad778258fdaeedd7fbd8afcd2510672811e6138dfac/numpy-2.2.5-cp311-cp311-macosx_11_0_arm64.whl", hash = "sha256:498815b96f67dc347e03b719ef49c772589fb74b8ee9ea2c37feae915ad6ebda", size = 14461474 },
    { url = "https://files.pythonhosted.org/packages/0e/65/937cdf238ef6ac54ff749c0f66d9ee2b03646034c205cea9b6c51f2f3ad1/numpy-2.2.5-cp311-cp311-macosx_14_0_arm64.whl", hash = "sha256:6411f744f7f20081b1b4e7112e0f4c9c5b08f94b9f086e6f0adf3645f85d3a4d", size = 5426875 },
    { url = "https://files.pythonhosted.org/packages/25/17/814515fdd545b07306eaee552b65c765035ea302d17de1b9cb50852d2452/numpy-2.2.5-cp311-cp311-macosx_14_0_x86_64.whl", hash = "sha256:9de6832228f617c9ef45d948ec1cd8949c482238d68b2477e6f642c33a7b0a54", size = 6969176 },
    { url = "https://files.pythonhosted.org/packages/e5/32/a66db7a5c8b5301ec329ab36d0ecca23f5e18907f43dbd593c8ec326d57c/numpy-2.2.5-cp311-cp311-manylinux_2_17_aarch64.manylinux2014_aarch64.whl", hash = "sha256:369e0d4647c17c9363244f3468f2227d557a74b6781cb62ce57cf3ef5cc7c610", size = 14374850 },
    { url = "https://files.pythonhosted.org/packages/ad/c9/1bf6ada582eebcbe8978f5feb26584cd2b39f94ededeea034ca8f84af8c8/numpy-2.2.5-cp311-cp311-manylinux_2_17_x86_64.manylinux2014_x86_64.whl", hash = "sha256:262d23f383170f99cd9191a7c85b9a50970fe9069b2f8ab5d786eca8a675d60b", size = 16430306 },
    { url = "https://files.pythonhosted.org/packages/6a/f0/3f741863f29e128f4fcfdb99253cc971406b402b4584663710ee07f5f7eb/numpy-2.2.5-cp311-cp311-musllinux_1_2_aarch64.whl", hash = "sha256:aa70fdbdc3b169d69e8c59e65c07a1c9351ceb438e627f0fdcd471015cd956be", size = 15884767 },
    { url = "https://files.pythonhosted.org/packages/98/d9/4ccd8fd6410f7bf2d312cbc98892e0e43c2fcdd1deae293aeb0a93b18071/numpy-2.2.5-cp311-cp311-musllinux_1_2_x86_64.whl", hash = "sha256:37e32e985f03c06206582a7323ef926b4e78bdaa6915095ef08070471865b906", size = 18219515 },
    { url = "https://files.pythonhosted.org/packages/b1/56/783237243d4395c6dd741cf16eeb1a9035ee3d4310900e6b17e875d1b201/numpy-2.2.5-cp311-cp311-win32.whl", hash = "sha256:f5045039100ed58fa817a6227a356240ea1b9a1bc141018864c306c1a16d4175", size = 6607842 },
    { url = "https://files.pythonhosted.org/packages/98/89/0c93baaf0094bdaaaa0536fe61a27b1dce8a505fa262a865ec142208cfe9/numpy-2.2.5-cp311-cp311-win_amd64.whl", hash = "sha256:b13f04968b46ad705f7c8a80122a42ae8f620536ea38cf4bdd374302926424dd", size = 12949071 },
    { url = "https://files.pythonhosted.org/packages/e2/f7/1fd4ff108cd9d7ef929b8882692e23665dc9c23feecafbb9c6b80f4ec583/numpy-2.2.5-cp312-cp312-macosx_10_13_x86_64.whl", hash = "sha256:ee461a4eaab4f165b68780a6a1af95fb23a29932be7569b9fab666c407969051", size = 20948633 },
    { url = "https://files.pythonhosted.org/packages/12/03/d443c278348371b20d830af155ff2079acad6a9e60279fac2b41dbbb73d8/numpy-2.2.5-cp312-cp312-macosx_11_0_arm64.whl", hash = "sha256:ec31367fd6a255dc8de4772bd1658c3e926d8e860a0b6e922b615e532d320ddc", size = 14176123 },
    { url = "https://files.pythonhosted.org/packages/2b/0b/5ca264641d0e7b14393313304da48b225d15d471250376f3fbdb1a2be603/numpy-2.2.5-cp312-cp312-macosx_14_0_arm64.whl", hash = "sha256:47834cde750d3c9f4e52c6ca28a7361859fcaf52695c7dc3cc1a720b8922683e", size = 5163817 },
    { url = "https://files.pythonhosted.org/packages/04/b3/d522672b9e3d28e26e1613de7675b441bbd1eaca75db95680635dd158c67/numpy-2.2.5-cp312-cp312-macosx_14_0_x86_64.whl", hash = "sha256:2c1a1c6ccce4022383583a6ded7bbcda22fc635eb4eb1e0a053336425ed36dfa", size = 6698066 },
    { url = "https://files.pythonhosted.org/packages/a0/93/0f7a75c1ff02d4b76df35079676b3b2719fcdfb39abdf44c8b33f43ef37d/numpy-2.2.5-cp312-cp312-manylinux_2_17_aarch64.manylinux2014_aarch64.whl", hash = "sha256:9d75f338f5f79ee23548b03d801d28a505198297534f62416391857ea0479571", size = 14087277 },
    { url = "https://files.pythonhosted.org/packages/b0/d9/7c338b923c53d431bc837b5b787052fef9ae68a56fe91e325aac0d48226e/numpy-2.2.5-cp312-cp312-manylinux_2_17_x86_64.manylinux2014_x86_64.whl", hash = "sha256:3a801fef99668f309b88640e28d261991bfad9617c27beda4a3aec4f217ea073", size = 16135742 },
    { url = "https://files.pythonhosted.org/packages/2d/10/4dec9184a5d74ba9867c6f7d1e9f2e0fb5fe96ff2bf50bb6f342d64f2003/numpy-2.2.5-cp312-cp312-musllinux_1_2_aarch64.whl", hash = "sha256:abe38cd8381245a7f49967a6010e77dbf3680bd3627c0fe4362dd693b404c7f8", size = 15581825 },
    { url = "https://files.pythonhosted.org/packages/80/1f/2b6fcd636e848053f5b57712a7d1880b1565eec35a637fdfd0a30d5e738d/numpy-2.2.5-cp312-cp312-musllinux_1_2_x86_64.whl", hash = "sha256:5a0ac90e46fdb5649ab6369d1ab6104bfe5854ab19b645bf5cda0127a13034ae", size = 17899600 },
    { url = "https://files.pythonhosted.org/packages/ec/87/36801f4dc2623d76a0a3835975524a84bd2b18fe0f8835d45c8eae2f9ff2/numpy-2.2.5-cp312-cp312-win32.whl", hash = "sha256:0cd48122a6b7eab8f06404805b1bd5856200e3ed6f8a1b9a194f9d9054631beb", size = 6312626 },
    { url = "https://files.pythonhosted.org/packages/8b/09/4ffb4d6cfe7ca6707336187951992bd8a8b9142cf345d87ab858d2d7636a/numpy-2.2.5-cp312-cp312-win_amd64.whl", hash = "sha256:ced69262a8278547e63409b2653b372bf4baff0870c57efa76c5703fd6543282", size = 12645715 },
    { url = "https://files.pythonhosted.org/packages/e2/a0/0aa7f0f4509a2e07bd7a509042967c2fab635690d4f48c6c7b3afd4f448c/numpy-2.2.5-cp313-cp313-macosx_10_13_x86_64.whl", hash = "sha256:059b51b658f4414fff78c6d7b1b4e18283ab5fa56d270ff212d5ba0c561846f4", size = 20935102 },
    { url = "https://files.pythonhosted.org/packages/7e/e4/a6a9f4537542912ec513185396fce52cdd45bdcf3e9d921ab02a93ca5aa9/numpy-2.2.5-cp313-cp313-macosx_11_0_arm64.whl", hash = "sha256:47f9ed103af0bc63182609044b0490747e03bd20a67e391192dde119bf43d52f", size = 14191709 },
    { url = "https://files.pythonhosted.org/packages/be/65/72f3186b6050bbfe9c43cb81f9df59ae63603491d36179cf7a7c8d216758/numpy-2.2.5-cp313-cp313-macosx_14_0_arm64.whl", hash = "sha256:261a1ef047751bb02f29dfe337230b5882b54521ca121fc7f62668133cb119c9", size = 5149173 },
    { url = "https://files.pythonhosted.org/packages/e5/e9/83e7a9432378dde5802651307ae5e9ea07bb72b416728202218cd4da2801/numpy-2.2.5-cp313-cp313-macosx_14_0_x86_64.whl", hash = "sha256:4520caa3807c1ceb005d125a75e715567806fed67e315cea619d5ec6e75a4191", size = 6684502 },
    { url = "https://files.pythonhosted.org/packages/ea/27/b80da6c762394c8ee516b74c1f686fcd16c8f23b14de57ba0cad7349d1d2/numpy-2.2.5-cp313-cp313-manylinux_2_17_aarch64.manylinux2014_aarch64.whl", hash = "sha256:3d14b17b9be5f9c9301f43d2e2a4886a33b53f4e6fdf9ca2f4cc60aeeee76372", size = 14084417 },
    { url = "https://files.pythonhosted.org/packages/aa/fc/ebfd32c3e124e6a1043e19c0ab0769818aa69050ce5589b63d05ff185526/numpy-2.2.5-cp313-cp313-manylinux_2_17_x86_64.manylinux2014_x86_64.whl", hash = "sha256:2ba321813a00e508d5421104464510cc962a6f791aa2fca1c97b1e65027da80d", size = 16133807 },
    { url = "https://files.pythonhosted.org/packages/bf/9b/4cc171a0acbe4666f7775cfd21d4eb6bb1d36d3a0431f48a73e9212d2278/numpy-2.2.5-cp313-cp313-musllinux_1_2_aarch64.whl", hash = "sha256:a4cbdef3ddf777423060c6f81b5694bad2dc9675f110c4b2a60dc0181543fac7", size = 15575611 },
    { url = "https://files.pythonhosted.org/packages/a3/45/40f4135341850df48f8edcf949cf47b523c404b712774f8855a64c96ef29/numpy-2.2.5-cp313-cp313-musllinux_1_2_x86_64.whl", hash = "sha256:54088a5a147ab71a8e7fdfd8c3601972751ded0739c6b696ad9cb0343e21ab73", size = 17895747 },
    { url = "https://files.pythonhosted.org/packages/f8/4c/b32a17a46f0ffbde8cc82df6d3daeaf4f552e346df143e1b188a701a8f09/numpy-2.2.5-cp313-cp313-win32.whl", hash = "sha256:c8b82a55ef86a2d8e81b63da85e55f5537d2157165be1cb2ce7cfa57b6aef38b", size = 6309594 },
    { url = "https://files.pythonhosted.org/packages/13/ae/72e6276feb9ef06787365b05915bfdb057d01fceb4a43cb80978e518d79b/numpy-2.2.5-cp313-cp313-win_amd64.whl", hash = "sha256:d8882a829fd779f0f43998e931c466802a77ca1ee0fe25a3abe50278616b1471", size = 12638356 },
    { url = "https://files.pythonhosted.org/packages/79/56/be8b85a9f2adb688e7ded6324e20149a03541d2b3297c3ffc1a73f46dedb/numpy-2.2.5-cp313-cp313t-macosx_10_13_x86_64.whl", hash = "sha256:e8b025c351b9f0e8b5436cf28a07fa4ac0204d67b38f01433ac7f9b870fa38c6", size = 20963778 },
    { url = "https://files.pythonhosted.org/packages/ff/77/19c5e62d55bff507a18c3cdff82e94fe174957bad25860a991cac719d3ab/numpy-2.2.5-cp313-cp313t-macosx_11_0_arm64.whl", hash = "sha256:8dfa94b6a4374e7851bbb6f35e6ded2120b752b063e6acdd3157e4d2bb922eba", size = 14207279 },
    { url = "https://files.pythonhosted.org/packages/75/22/aa11f22dc11ff4ffe4e849d9b63bbe8d4ac6d5fae85ddaa67dfe43be3e76/numpy-2.2.5-cp313-cp313t-macosx_14_0_arm64.whl", hash = "sha256:97c8425d4e26437e65e1d189d22dff4a079b747ff9c2788057bfb8114ce1e133", size = 5199247 },
    { url = "https://files.pythonhosted.org/packages/4f/6c/12d5e760fc62c08eded0394f62039f5a9857f758312bf01632a81d841459/numpy-2.2.5-cp313-cp313t-macosx_14_0_x86_64.whl", hash = "sha256:352d330048c055ea6db701130abc48a21bec690a8d38f8284e00fab256dc1376", size = 6711087 },
    { url = "https://files.pythonhosted.org/packages/ef/94/ece8280cf4218b2bee5cec9567629e61e51b4be501e5c6840ceb593db945/numpy-2.2.5-cp313-cp313t-manylinux_2_17_aarch64.manylinux2014_aarch64.whl", hash = "sha256:8b4c0773b6ada798f51f0f8e30c054d32304ccc6e9c5d93d46cb26f3d385ab19", size = 14059964 },
    { url = "https://files.pythonhosted.org/packages/39/41/c5377dac0514aaeec69115830a39d905b1882819c8e65d97fc60e177e19e/numpy-2.2.5-cp313-cp313t-manylinux_2_17_x86_64.manylinux2014_x86_64.whl", hash = "sha256:55f09e00d4dccd76b179c0f18a44f041e5332fd0e022886ba1c0bbf3ea4a18d0", size = 16121214 },
    { url = "https://files.pythonhosted.org/packages/db/54/3b9f89a943257bc8e187145c6bc0eb8e3d615655f7b14e9b490b053e8149/numpy-2.2.5-cp313-cp313t-musllinux_1_2_aarch64.whl", hash = "sha256:02f226baeefa68f7d579e213d0f3493496397d8f1cff5e2b222af274c86a552a", size = 15575788 },
    { url = "https://files.pythonhosted.org/packages/b1/c4/2e407e85df35b29f79945751b8f8e671057a13a376497d7fb2151ba0d290/numpy-2.2.5-cp313-cp313t-musllinux_1_2_x86_64.whl", hash = "sha256:c26843fd58f65da9491165072da2cccc372530681de481ef670dcc8e27cfb066", size = 17893672 },
    { url = "https://files.pythonhosted.org/packages/29/7e/d0b44e129d038dba453f00d0e29ebd6eaf2f06055d72b95b9947998aca14/numpy-2.2.5-cp313-cp313t-win32.whl", hash = "sha256:1a161c2c79ab30fe4501d5a2bbfe8b162490757cf90b7f05be8b80bc02f7bb8e", size = 6377102 },
    { url = "https://files.pythonhosted.org/packages/63/be/b85e4aa4bf42c6502851b971f1c326d583fcc68227385f92089cf50a7b45/numpy-2.2.5-cp313-cp313t-win_amd64.whl", hash = "sha256:d403c84991b5ad291d3809bace5e85f4bbf44a04bdc9a88ed2bb1807b3360bb8", size = 12750096 },
    { url = "https://files.pythonhosted.org/packages/35/e4/5ef5ef1d4308f96961198b2323bfc7c7afb0ccc0d623b01c79bc87ab496d/numpy-2.2.5-pp310-pypy310_pp73-macosx_10_15_x86_64.whl", hash = "sha256:b4ea7e1cff6784e58fe281ce7e7f05036b3e1c89c6f922a6bfbc0a7e8768adbe", size = 21083404 },
    { url = "https://files.pythonhosted.org/packages/a3/5f/bde9238e8e977652a16a4b114ed8aa8bb093d718c706eeecb5f7bfa59572/numpy-2.2.5-pp310-pypy310_pp73-macosx_14_0_x86_64.whl", hash = "sha256:d7543263084a85fbc09c704b515395398d31d6395518446237eac219eab9e55e", size = 6828578 },
    { url = "https://files.pythonhosted.org/packages/ef/7f/813f51ed86e559ab2afb6a6f33aa6baf8a560097e25e4882a938986c76c2/numpy-2.2.5-pp310-pypy310_pp73-manylinux_2_17_x86_64.manylinux2014_x86_64.whl", hash = "sha256:0255732338c4fdd00996c0421884ea8a3651eea555c3a56b84892b66f696eb70", size = 16234796 },
    { url = "https://files.pythonhosted.org/packages/68/67/1175790323026d3337cc285cc9c50eca637d70472b5e622529df74bb8f37/numpy-2.2.5-pp310-pypy310_pp73-win_amd64.whl", hash = "sha256:d2e3bdadaba0e040d1e7ab39db73e0afe2c74ae277f5614dad53eadbecbbb169", size = 12859001 },
]

[[package]]
name = "scipy"
version = "1.15.2"
source = { registry = "https://pypi.org/simple" }
dependencies = [
    { name = "numpy" },
]
sdist = { url = "https://files.pythonhosted.org/packages/b7/b9/31ba9cd990e626574baf93fbc1ac61cf9ed54faafd04c479117517661637/scipy-1.15.2.tar.gz", hash = "sha256:cd58a314d92838f7e6f755c8a2167ead4f27e1fd5c1251fd54289569ef3495ec", size = 59417316 }
wheels = [
    { url = "https://files.pythonhosted.org/packages/95/df/ef233fff6838fe6f7840d69b5ef9f20d2b5c912a8727b21ebf876cb15d54/scipy-1.15.2-cp310-cp310-macosx_10_13_x86_64.whl", hash = "sha256:a2ec871edaa863e8213ea5df811cd600734f6400b4af272e1c011e69401218e9", size = 38692502 },
    { url = "https://files.pythonhosted.org/packages/5c/20/acdd4efb8a68b842968f7bc5611b1aeb819794508771ad104de418701422/scipy-1.15.2-cp310-cp310-macosx_12_0_arm64.whl", hash = "sha256:6f223753c6ea76983af380787611ae1291e3ceb23917393079dcc746ba60cfb5", size = 30085508 },
    { url = "https://files.pythonhosted.org/packages/42/55/39cf96ca7126f1e78ee72a6344ebdc6702fc47d037319ad93221063e6cf4/scipy-1.15.2-cp310-cp310-macosx_14_0_arm64.whl", hash = "sha256:ecf797d2d798cf7c838c6d98321061eb3e72a74710e6c40540f0e8087e3b499e", size = 22359166 },
    { url = "https://files.pythonhosted.org/packages/51/48/708d26a4ab8a1441536bf2dfcad1df0ca14a69f010fba3ccbdfc02df7185/scipy-1.15.2-cp310-cp310-macosx_14_0_x86_64.whl", hash = "sha256:9b18aa747da280664642997e65aab1dd19d0c3d17068a04b3fe34e2559196cb9", size = 25112047 },
    { url = "https://files.pythonhosted.org/packages/dd/65/f9c5755b995ad892020381b8ae11f16d18616208e388621dfacc11df6de6/scipy-1.15.2-cp310-cp310-manylinux_2_17_aarch64.manylinux2014_aarch64.whl", hash = "sha256:87994da02e73549dfecaed9e09a4f9d58a045a053865679aeb8d6d43747d4df3", size = 35536214 },
    { url = "https://files.pythonhosted.org/packages/de/3c/c96d904b9892beec978562f64d8cc43f9cca0842e65bd3cd1b7f7389b0ba/scipy-1.15.2-cp310-cp310-manylinux_2_17_x86_64.manylinux2014_x86_64.whl", hash = "sha256:69ea6e56d00977f355c0f84eba69877b6df084516c602d93a33812aa04d90a3d", size = 37646981 },
    { url = "https://files.pythonhosted.org/packages/3d/74/c2d8a24d18acdeae69ed02e132b9bc1bb67b7bee90feee1afe05a68f9d67/scipy-1.15.2-cp310-cp310-musllinux_1_2_aarch64.whl", hash = "sha256:888307125ea0c4466287191e5606a2c910963405ce9671448ff9c81c53f85f58", size = 37230048 },
    { url = "https://files.pythonhosted.org/packages/42/19/0aa4ce80eca82d487987eff0bc754f014dec10d20de2f66754fa4ea70204/scipy-1.15.2-cp310-cp310-musllinux_1_2_x86_64.whl", hash = "sha256:9412f5e408b397ff5641080ed1e798623dbe1ec0d78e72c9eca8992976fa65aa", size = 40010322 },
    { url = "https://files.pythonhosted.org/packages/d0/d2/f0683b7e992be44d1475cc144d1f1eeae63c73a14f862974b4db64af635e/scipy-1.15.2-cp310-cp310-win_amd64.whl", hash = "sha256:b5e025e903b4f166ea03b109bb241355b9c42c279ea694d8864d033727205e65", size = 41233385 },
    { url = "https://files.pythonhosted.org/packages/40/1f/bf0a5f338bda7c35c08b4ed0df797e7bafe8a78a97275e9f439aceb46193/scipy-1.15.2-cp311-cp311-macosx_10_13_x86_64.whl", hash = "sha256:92233b2df6938147be6fa8824b8136f29a18f016ecde986666be5f4d686a91a4", size = 38703651 },
    { url = "https://files.pythonhosted.org/packages/de/54/db126aad3874601048c2c20ae3d8a433dbfd7ba8381551e6f62606d9bd8e/scipy-1.15.2-cp311-cp311-macosx_12_0_arm64.whl", hash = "sha256:62ca1ff3eb513e09ed17a5736929429189adf16d2d740f44e53270cc800ecff1", size = 30102038 },
    { url = "https://files.pythonhosted.org/packages/61/d8/84da3fffefb6c7d5a16968fe5b9f24c98606b165bb801bb0b8bc3985200f/scipy-1.15.2-cp311-cp311-macosx_14_0_arm64.whl", hash = "sha256:4c6676490ad76d1c2894d77f976144b41bd1a4052107902238047fb6a473e971", size = 22375518 },
    { url = "https://files.pythonhosted.org/packages/44/78/25535a6e63d3b9c4c90147371aedb5d04c72f3aee3a34451f2dc27c0c07f/scipy-1.15.2-cp311-cp311-macosx_14_0_x86_64.whl", hash = "sha256:a8bf5cb4a25046ac61d38f8d3c3426ec11ebc350246a4642f2f315fe95bda655", size = 25142523 },
    { url = "https://files.pythonhosted.org/packages/e0/22/4b4a26fe1cd9ed0bc2b2cb87b17d57e32ab72c346949eaf9288001f8aa8e/scipy-1.15.2-cp311-cp311-manylinux_2_17_aarch64.manylinux2014_aarch64.whl", hash = "sha256:6a8e34cf4c188b6dd004654f88586d78f95639e48a25dfae9c5e34a6dc34547e", size = 35491547 },
    { url = "https://files.pythonhosted.org/packages/32/ea/564bacc26b676c06a00266a3f25fdfe91a9d9a2532ccea7ce6dd394541bc/scipy-1.15.2-cp311-cp311-manylinux_2_17_x86_64.manylinux2014_x86_64.whl", hash = "sha256:28a0d2c2075946346e4408b211240764759e0fabaeb08d871639b5f3b1aca8a0", size = 37634077 },
    { url = "https://files.pythonhosted.org/packages/43/c2/bfd4e60668897a303b0ffb7191e965a5da4056f0d98acfb6ba529678f0fb/scipy-1.15.2-cp311-cp311-musllinux_1_2_aarch64.whl", hash = "sha256:42dabaaa798e987c425ed76062794e93a243be8f0f20fff6e7a89f4d61cb3d40", size = 37231657 },
    { url = "https://files.pythonhosted.org/packages/4a/75/5f13050bf4f84c931bcab4f4e83c212a36876c3c2244475db34e4b5fe1a6/scipy-1.15.2-cp311-cp311-musllinux_1_2_x86_64.whl", hash = "sha256:6f5e296ec63c5da6ba6fa0343ea73fd51b8b3e1a300b0a8cae3ed4b1122c7462", size = 40035857 },
    { url = "https://files.pythonhosted.org/packages/b9/8b/7ec1832b09dbc88f3db411f8cdd47db04505c4b72c99b11c920a8f0479c3/scipy-1.15.2-cp311-cp311-win_amd64.whl", hash = "sha256:597a0c7008b21c035831c39927406c6181bcf8f60a73f36219b69d010aa04737", size = 41217654 },
    { url = "https://files.pythonhosted.org/packages/4b/5d/3c78815cbab499610f26b5bae6aed33e227225a9fa5290008a733a64f6fc/scipy-1.15.2-cp312-cp312-macosx_10_13_x86_64.whl", hash = "sha256:c4697a10da8f8765bb7c83e24a470da5797e37041edfd77fd95ba3811a47c4fd", size = 38756184 },
    { url = "https://files.pythonhosted.org/packages/37/20/3d04eb066b471b6e171827548b9ddb3c21c6bbea72a4d84fc5989933910b/scipy-1.15.2-cp312-cp312-macosx_12_0_arm64.whl", hash = "sha256:869269b767d5ee7ea6991ed7e22b3ca1f22de73ab9a49c44bad338b725603301", size = 30163558 },
    { url = "https://files.pythonhosted.org/packages/a4/98/e5c964526c929ef1f795d4c343b2ff98634ad2051bd2bbadfef9e772e413/scipy-1.15.2-cp312-cp312-macosx_14_0_arm64.whl", hash = "sha256:bad78d580270a4d32470563ea86c6590b465cb98f83d760ff5b0990cb5518a93", size = 22437211 },
    { url = "https://files.pythonhosted.org/packages/1d/cd/1dc7371e29195ecbf5222f9afeedb210e0a75057d8afbd942aa6cf8c8eca/scipy-1.15.2-cp312-cp312-macosx_14_0_x86_64.whl", hash = "sha256:b09ae80010f52efddb15551025f9016c910296cf70adbf03ce2a8704f3a5ad20", size = 25232260 },
    { url = "https://files.pythonhosted.org/packages/f0/24/1a181a9e5050090e0b5138c5f496fee33293c342b788d02586bc410c6477/scipy-1.15.2-cp312-cp312-manylinux_2_17_aarch64.manylinux2014_aarch64.whl", hash = "sha256:5a6fd6eac1ce74a9f77a7fc724080d507c5812d61e72bd5e4c489b042455865e", size = 35198095 },
    { url = "https://files.pythonhosted.org/packages/c0/53/eaada1a414c026673eb983f8b4a55fe5eb172725d33d62c1b21f63ff6ca4/scipy-1.15.2-cp312-cp312-manylinux_2_17_x86_64.manylinux2014_x86_64.whl", hash = "sha256:2b871df1fe1a3ba85d90e22742b93584f8d2b8e6124f8372ab15c71b73e428b8", size = 37297371 },
    { url = "https://files.pythonhosted.org/packages/e9/06/0449b744892ed22b7e7b9a1994a866e64895363572677a316a9042af1fe5/scipy-1.15.2-cp312-cp312-musllinux_1_2_aarch64.whl", hash = "sha256:03205d57a28e18dfd39f0377d5002725bf1f19a46f444108c29bdb246b6c8a11", size = 36872390 },
    { url = "https://files.pythonhosted.org/packages/6a/6f/a8ac3cfd9505ec695c1bc35edc034d13afbd2fc1882a7c6b473e280397bb/scipy-1.15.2-cp312-cp312-musllinux_1_2_x86_64.whl", hash = "sha256:601881dfb761311045b03114c5fe718a12634e5608c3b403737ae463c9885d53", size = 39700276 },
    { url = "https://files.pythonhosted.org/packages/f5/6f/e6e5aff77ea2a48dd96808bb51d7450875af154ee7cbe72188afb0b37929/scipy-1.15.2-cp312-cp312-win_amd64.whl", hash = "sha256:e7c68b6a43259ba0aab737237876e5c2c549a031ddb7abc28c7b47f22e202ded", size = 40942317 },
    { url = "https://files.pythonhosted.org/packages/53/40/09319f6e0f276ea2754196185f95cd191cb852288440ce035d5c3a931ea2/scipy-1.15.2-cp313-cp313-macosx_10_13_x86_64.whl", hash = "sha256:01edfac9f0798ad6b46d9c4c9ca0e0ad23dbf0b1eb70e96adb9fa7f525eff0bf", size = 38717587 },
    { url = "https://files.pythonhosted.org/packages/fe/c3/2854f40ecd19585d65afaef601e5e1f8dbf6758b2f95b5ea93d38655a2c6/scipy-1.15.2-cp313-cp313-macosx_12_0_arm64.whl", hash = "sha256:08b57a9336b8e79b305a143c3655cc5bdbe6d5ece3378578888d2afbb51c4e37", size = 30100266 },
    { url = "https://files.pythonhosted.org/packages/dd/b1/f9fe6e3c828cb5930b5fe74cb479de5f3d66d682fa8adb77249acaf545b8/scipy-1.15.2-cp313-cp313-macosx_14_0_arm64.whl", hash = "sha256:54c462098484e7466362a9f1672d20888f724911a74c22ae35b61f9c5919183d", size = 22373768 },
    { url = "https://files.pythonhosted.org/packages/15/9d/a60db8c795700414c3f681908a2b911e031e024d93214f2d23c6dae174ab/scipy-1.15.2-cp313-cp313-macosx_14_0_x86_64.whl", hash = "sha256:cf72ff559a53a6a6d77bd8eefd12a17995ffa44ad86c77a5df96f533d4e6c6bb", size = 25154719 },
    { url = "https://files.pythonhosted.org/packages/37/3b/9bda92a85cd93f19f9ed90ade84aa1e51657e29988317fabdd44544f1dd4/scipy-1.15.2-cp313-cp313-manylinux_2_17_aarch64.manylinux2014_aarch64.whl", hash = "sha256:9de9d1416b3d9e7df9923ab23cd2fe714244af10b763975bea9e4f2e81cebd27", size = 35163195 },
    { url = "https://files.pythonhosted.org/packages/03/5a/fc34bf1aa14dc7c0e701691fa8685f3faec80e57d816615e3625f28feb43/scipy-1.15.2-cp313-cp313-manylinux_2_17_x86_64.manylinux2014_x86_64.whl", hash = "sha256:fb530e4794fc8ea76a4a21ccb67dea33e5e0e60f07fc38a49e821e1eae3b71a0", size = 37255404 },
    { url = "https://files.pythonhosted.org/packages/4a/71/472eac45440cee134c8a180dbe4c01b3ec247e0338b7c759e6cd71f199a7/scipy-1.15.2-cp313-cp313-musllinux_1_2_aarch64.whl", hash = "sha256:5ea7ed46d437fc52350b028b1d44e002646e28f3e8ddc714011aaf87330f2f32", size = 36860011 },
    { url = "https://files.pythonhosted.org/packages/01/b3/21f890f4f42daf20e4d3aaa18182dddb9192771cd47445aaae2e318f6738/scipy-1.15.2-cp313-cp313-musllinux_1_2_x86_64.whl", hash = "sha256:11e7ad32cf184b74380f43d3c0a706f49358b904fa7d5345f16ddf993609184d", size = 39657406 },
    { url = "https://files.pythonhosted.org/packages/0d/76/77cf2ac1f2a9cc00c073d49e1e16244e389dd88e2490c91d84e1e3e4d126/scipy-1.15.2-cp313-cp313-win_amd64.whl", hash = "sha256:a5080a79dfb9b78b768cebf3c9dcbc7b665c5875793569f48bf0e2b1d7f68f6f", size = 40961243 },
    { url = "https://files.pythonhosted.org/packages/4c/4b/a57f8ddcf48e129e6054fa9899a2a86d1fc6b07a0e15c7eebff7ca94533f/scipy-1.15.2-cp313-cp313t-macosx_10_13_x86_64.whl", hash = "sha256:447ce30cee6a9d5d1379087c9e474628dab3db4a67484be1b7dc3196bfb2fac9", size = 38870286 },
    { url = "https://files.pythonhosted.org/packages/0c/43/c304d69a56c91ad5f188c0714f6a97b9c1fed93128c691148621274a3a68/scipy-1.15.2-cp313-cp313t-macosx_12_0_arm64.whl", hash = "sha256:c90ebe8aaa4397eaefa8455a8182b164a6cc1d59ad53f79943f266d99f68687f", size = 30141634 },
    { url = "https://files.pythonhosted.org/packages/44/1a/6c21b45d2548eb73be9b9bff421aaaa7e85e22c1f9b3bc44b23485dfce0a/scipy-1.15.2-cp313-cp313t-macosx_14_0_arm64.whl", hash = "sha256:def751dd08243934c884a3221156d63e15234a3155cf25978b0a668409d45eb6", size = 22415179 },
    { url = "https://files.pythonhosted.org/packages/74/4b/aefac4bba80ef815b64f55da06f62f92be5d03b467f2ce3668071799429a/scipy-1.15.2-cp313-cp313t-macosx_14_0_x86_64.whl", hash = "sha256:302093e7dfb120e55515936cb55618ee0b895f8bcaf18ff81eca086c17bd80af", size = 25126412 },
    { url = "https://files.pythonhosted.org/packages/b1/53/1cbb148e6e8f1660aacd9f0a9dfa2b05e9ff1cb54b4386fe868477972ac2/scipy-1.15.2-cp313-cp313t-manylinux_2_17_aarch64.manylinux2014_aarch64.whl", hash = "sha256:7cd5b77413e1855351cdde594eca99c1f4a588c2d63711388b6a1f1c01f62274", size = 34952867 },
    { url = "https://files.pythonhosted.org/packages/2c/23/e0eb7f31a9c13cf2dca083828b97992dd22f8184c6ce4fec5deec0c81fcf/scipy-1.15.2-cp313-cp313t-manylinux_2_17_x86_64.manylinux2014_x86_64.whl", hash = "sha256:6d0194c37037707b2afa7a2f2a924cf7bac3dc292d51b6a925e5fcb89bc5c776", size = 36890009 },
    { url = "https://files.pythonhosted.org/packages/03/f3/e699e19cabe96bbac5189c04aaa970718f0105cff03d458dc5e2b6bd1e8c/scipy-1.15.2-cp313-cp313t-musllinux_1_2_aarch64.whl", hash = "sha256:bae43364d600fdc3ac327db99659dcb79e6e7ecd279a75fe1266669d9a652828", size = 36545159 },
    { url = "https://files.pythonhosted.org/packages/af/f5/ab3838e56fe5cc22383d6fcf2336e48c8fe33e944b9037fbf6cbdf5a11f8/scipy-1.15.2-cp313-cp313t-musllinux_1_2_x86_64.whl", hash = "sha256:f031846580d9acccd0044efd1a90e6f4df3a6e12b4b6bd694a7bc03a89892b28", size = 39136566 },
    { url = "https://files.pythonhosted.org/packages/0a/c8/b3f566db71461cabd4b2d5b39bcc24a7e1c119535c8361f81426be39bb47/scipy-1.15.2-cp313-cp313t-win_amd64.whl", hash = "sha256:fe8a9eb875d430d81755472c5ba75e84acc980e4a8f6204d402849234d3017db", size = 40477705 },
]

[[package]]
name = "scs"
version = "3.2.7.post2"
source = { registry = "https://pypi.org/simple" }
dependencies = [
    { name = "numpy" },
    { name = "scipy" },
]
sdist = { url = "https://files.pythonhosted.org/packages/c5/2f/3f15676b0f4cc73879400d94f2c5c64130cad0bbca266aff1365dc643e79/scs-3.2.7.post2.tar.gz", hash = "sha256:4245a4f76328cc73911f20e1414df68d41ead4bcc4a187503a9cd639b644014b", size = 1600725 }
wheels = [
    { url = "https://files.pythonhosted.org/packages/bf/ae/4763d0461f2fb424b276c891156520d8cb76166d98a4ddbb0aa0631a708d/scs-3.2.7.post2-cp310-cp310-macosx_10_9_x86_64.whl", hash = "sha256:b7271ff566ac9df929c8cf7d1b024b89c3882b541c21a7a6d9aa94480822bccb", size = 105856 },
    { url = "https://files.pythonhosted.org/packages/49/e1/c9246d57588d8376d131a1e7055496b0a1d0239c5a949f9067df904044ea/scs-3.2.7.post2-cp310-cp310-macosx_11_0_arm64.whl", hash = "sha256:eb2997f53ef3426934599517c6e0e77f4f05cc23c3aa2380fd176c7fd22bc0c8", size = 93595 },
    { url = "https://files.pythonhosted.org/packages/58/df/3c88703fe7c592b1184704c668d796045be57ee94d0d29599423628dea77/scs-3.2.7.post2-cp310-cp310-manylinux_2_17_x86_64.manylinux2014_x86_64.whl", hash = "sha256:bd8307b7302f8105148478a5723a2f7d5a3cbf86ef3cc6f27567203addfa3b10", size = 10443087 },
    { url = "https://files.pythonhosted.org/packages/1e/18/cfae3a8809fec2a13abfa79e7d32aac1884a4e03642ad39665cfc960f59d/scs-3.2.7.post2-cp310-cp310-manylinux_2_28_aarch64.whl", hash = "sha256:f34cc43c9eb1092423b55f01430ad99b4e5825a6595ead8e081f985032685e8c", size = 5066485 },
    { url = "https://files.pythonhosted.org/packages/85/53/0da457be1dcf3f0c20dcf21ef96610638a143c073c53f5b82842d1d9636d/scs-3.2.7.post2-cp310-cp310-musllinux_1_2_x86_64.whl", hash = "sha256:f645f3789bc4659de2a468c2e4db552f6656bcb286e81f3cb42d5a607028627b", size = 11612087 },
    { url = "https://files.pythonhosted.org/packages/2c/84/55f5f5fb95e4a38f2501a7bd6840a91524b44c4aea2f05975c2ddf101e03/scs-3.2.7.post2-cp310-cp310-win_amd64.whl", hash = "sha256:e5f90940c383b68dd7960b734105cd1dd6c11c80275321de3a6388f563a1ff19", size = 7432199 },
    { url = "https://files.pythonhosted.org/packages/2b/a8/75e215fb61f65c7dee0a5d2c8e2b9043967fd332b70a4d47478bca45ec10/scs-3.2.7.post2-cp311-cp311-macosx_10_9_x86_64.whl", hash = "sha256:6d551b90d9e2c0497ee17d8c3db325d6fcefa4419057954e68709da8b9184d4f", size = 105857 },
    { url = "https://files.pythonhosted.org/packages/1f/e4/b757b7926cc3355ba41ba747afb5e4d6c553d05be840ea25dc47b47b47b1/scs-3.2.7.post2-cp311-cp311-macosx_11_0_arm64.whl", hash = "sha256:7c15d035dda04a6626d3cd9b68d3bf814d2e0eb3cb372021775bd358fd8c7405", size = 93594 },
    { url = "https://files.pythonhosted.org/packages/e7/34/bf8e999e13e00946660a1e9009e67d5718356c06b9a2b2905f10829a7c45/scs-3.2.7.post2-cp311-cp311-manylinux_2_17_x86_64.manylinux2014_x86_64.whl", hash = "sha256:6da6add18f039e7e08f0ebc13cb1f853ec4c96ae81d7a578f46e0f9f0e5bf4b5", size = 10443087 },
    { url = "https://files.pythonhosted.org/packages/d3/03/d41749f5c680241345669da533bc7ce6f5f1fac6d88fb255792fdd187e3f/scs-3.2.7.post2-cp311-cp311-manylinux_2_28_aarch64.whl", hash = "sha256:d6c965f026e56c92b59a9c96744eb90178982c270ab196f58a0260ac392785aa", size = 5066487 },
    { url = "https://files.pythonhosted.org/packages/ac/b1/26db804cdc4009745f4bc4be2a478ac2c29f017672747a3ce64d46bccc7f/scs-3.2.7.post2-cp311-cp311-musllinux_1_2_x86_64.whl", hash = "sha256:0427a5bf9aa43eb2a22083e1a43412db5054a88d695fdaa6018cd6fb3a9f0203", size = 11612089 },
    { url = "https://files.pythonhosted.org/packages/bf/34/a42b90bff9330ac57e1dcc8c35b978cee47d6e9eee14cb71981b801fc7cf/scs-3.2.7.post2-cp311-cp311-win_amd64.whl", hash = "sha256:4d05ec092c891eb842630f343ebc0c46d2ef6047f325a835771b13f9804d6b3b", size = 7432186 },
    { url = "https://files.pythonhosted.org/packages/0b/ef/982d35cadee11137a27c80404155265bb2c4e5899551436ef5e6cc28a0bc/scs-3.2.7.post2-cp312-cp312-macosx_10_13_x86_64.whl", hash = "sha256:99e4af2968b046ee55fa0dc89dcd3bfba771f1027d9224cb6efa10008d8bfee1", size = 107289 },
    { url = "https://files.pythonhosted.org/packages/33/2a/f807b0f9dd108c9c75c4d12692803d687be7bd32c91dbfd7213837b3b6ed/scs-3.2.7.post2-cp312-cp312-macosx_11_0_arm64.whl", hash = "sha256:bc46fef9743d4629337382f034fda92dfce338659e8377afae674517b7d8345f", size = 93544 },
    { url = "https://files.pythonhosted.org/packages/82/0e/f56426e3b3d9ac12dac252c1c4a0e65a530d460b9448e3fc2e20ac8e6bed/scs-3.2.7.post2-cp312-cp312-manylinux_2_17_x86_64.manylinux2014_x86_64.whl", hash = "sha256:f92e925d89004276a449850926a45536f75c03cab701b5e758b1a7efa119ba08", size = 10443128 },
    { url = "https://files.pythonhosted.org/packages/e4/f3/343803e20415bf604e4b237fdce4203f51c35e89707d18eafa7e3fe172d7/scs-3.2.7.post2-cp312-cp312-manylinux_2_28_aarch64.whl", hash = "sha256:640faf61f85b933fdfc3d33d7ce4f0049b082b245e82d2d6a8c2c54aa0b7f540", size = 5066484 },
    { url = "https://files.pythonhosted.org/packages/33/9a/5b06bc2ba789aa2ce5ba57be503f2563bbc772c0e7b4249e646e44fdcd2b/scs-3.2.7.post2-cp312-cp312-musllinux_1_2_x86_64.whl", hash = "sha256:a520c9bef84eee734df0da3e5e06aa9192d3be34cd5e6d4221cc01f4d09b20c0", size = 11612180 },
    { url = "https://files.pythonhosted.org/packages/30/49/1645fa1219493ac94475ab8f48a2520d2fc27f486327f2b0f167440a8188/scs-3.2.7.post2-cp312-cp312-win_amd64.whl", hash = "sha256:2995d4099943c3fd754b3e39fe178a9c03dcb9c7d84b40f64ac5eb26d8d6085a", size = 7432205 },
    { url = "https://files.pythonhosted.org/packages/af/ac/239489abd708d9411a27d3f4d9e6047cad1cc35aff34566e5bae354b1725/scs-3.2.7.post2-cp313-cp313-macosx_10_13_x86_64.whl", hash = "sha256:aaa3753e82250913e17c792e7ca7eb0bde03ac41200923f3dfd3f6bd5ec6f308", size = 107292 },
    { url = "https://files.pythonhosted.org/packages/89/72/ea3b94f16b1e9aeb1b8f6ecf70ef6e6f1f3074ea4a9adb240167674d6e9b/scs-3.2.7.post2-cp313-cp313-macosx_11_0_arm64.whl", hash = "sha256:08e9c20b482c03f292b3da7ce4cbddb2697508ffd747304564868e87da7cb4b2", size = 93548 },
    { url = "https://files.pythonhosted.org/packages/da/3f/6e94437915d54ea5d366fa8f585454fc1c2e65a35587a811d2594d91d369/scs-3.2.7.post2-cp313-cp313-manylinux_2_17_x86_64.manylinux2014_x86_64.whl", hash = "sha256:56af9310bd2d000c45d7829e2935b5445480ea6bcc6091c58d4e3ab2a94125be", size = 10443131 },
    { url = "https://files.pythonhosted.org/packages/da/94/fabedf8acabc1bb679e906ed1747ee00d0683a054369cde8c5b74a0d1efd/scs-3.2.7.post2-cp313-cp313-manylinux_2_28_aarch64.whl", hash = "sha256:ec6e7bdb18d4b84c7f56f94db445ec0c43deec5aa659201467aa85b2f64b8123", size = 5066485 },
    { url = "https://files.pythonhosted.org/packages/6c/a8/c440fb404d64b016fbfeaf80f4aac3ba817e1c65bdf1072311e17dd0281c/scs-3.2.7.post2-cp313-cp313-musllinux_1_2_x86_64.whl", hash = "sha256:91316903b2ea625990abe18bb92e8ce63536e5eafb9623ecf1cb199fb05ea574", size = 11612182 },
    { url = "https://files.pythonhosted.org/packages/9d/f9/840ef19a298ef7099f4a692772001f2f552b0917a3fb230f872a1c40ba11/scs-3.2.7.post2-cp313-cp313-win_amd64.whl", hash = "sha256:a2c48cd19e39bf87dae0b20a289fff44930458fc2ca2afa0f899058dc41e5545", size = 7432191 },
]

[[package]]
name = "threadpoolctl"
version = "3.6.0"
source = { registry = "https://pypi.org/simple" }
sdist = { url = "https://files.pythonhosted.org/packages/b7/4d/08c89e34946fce2aec4fbb45c9016efd5f4d7f24af8e5d93296e935631d8/threadpoolctl-3.6.0.tar.gz", hash = "sha256:8ab8b4aa3491d812b623328249fab5302a68d2d71745c8a4c719a2fcaba9f44e", size = 21274 }
wheels = [
    { url = "https://files.pythonhosted.org/packages/32/d5/f9a850d79b0851d1d4ef6456097579a9005b31fea68726a4ae5f2d82ddd9/threadpoolctl-3.6.0-py3-none-any.whl", hash = "sha256:43a0b8fd5a2928500110039e43a5eed8480b918967083ea48dc3ab9f13c4a7fb", size = 18638 },
]
